{
  "name": "promelectron",
  "version": "1.0.0",
  "lockfileVersion": 1,
  "requires": true,
  "dependencies": {
    "objectFitPolyfill": {
      "version": "2.3.0",
      "resolved": "https://registry.npmjs.org/objectFitPolyfill/-/objectFitPolyfill-2.3.0.tgz",
      "integrity": "sha512-VgF98xGs2upBxO6a4FKGEEip5kXQCYpIwrKSDQ6oyFvPAmTrm6nPD/Y/IetoHx62HE6N82hWvc7Tc0evEBkoyA=="
    },
    "stickybits": {
      "version": "3.7.7",
      "resolved": "https://registry.npmjs.org/stickybits/-/stickybits-3.7.7.tgz",
      "integrity": "sha512-w8slCLqIESiIl8sP3v9wXNWfzrPHPOg2W6tsCfTkStrtfMoFnk0LSHpUJC7xx1yhNEKpljZJYL9T8RkZkSdqpQ==",
      "dev": true
    },
    "stickyfilljs": {
      "version": "2.1.0",
      "resolved": "https://registry.npmjs.org/stickyfilljs/-/stickyfilljs-2.1.0.tgz",
      "integrity": "sha512-LkG0BXArL5HbW2O09IAXfnBQfpScgGqJuUDUrI3Ire5YKjRz/EhakIZEJogHwgXeQ4qnTicM9sK9uYfWN11qKg=="
    }
  }
}
